
Microsoft Visual Studio Solution File, Format Version 12.00
# Visual Studio Version 16
VisualStudioVersion = 16.0.30002.166
MinimumVisualStudioVersion = 10.0.40219.1
Project("{2150E333-8FDC-42A3-9474-1A3956D46DE8}") = "1. Presentation", "1. Presentation", "{6E270233-F88E-4CF6-9654-F1978191D4AB}"
EndProject
Project("{2150E333-8FDC-42A3-9474-1A3956D46DE8}") = "2. Business", "2. Business", "{F0CC2155-6AA7-429D-B793-FB2A086D7162}"
EndProject
Project("{9A19103F-16F7-4668-BE54-9A1E7A4F7556}") = "SocialGames.TechnicalTest.ApiService", "SocialGames.TechnicalTest.ApiService\SocialGames.TechnicalTest.ApiService.csproj", "{7397DE9D-BBB4-4152-B228-8CB6B899A377}"
EndProject
Project("{FAE04EC0-301F-11D3-BF4B-00C04F79EFBC}") = "SocialGames.TechnicalTest.Api", "SocialGames.TechnicalTest.Api\SocialGames.TechnicalTest.Api.csproj", "{E55266A8-CC5A-41CC-9675-D80EA45C07B7}"
EndProject
Project("{FAE04EC0-301F-11D3-BF4B-00C04F79EFBC}") = "SocialGames.TechnicalTest.Games", "SocialGames.TechnicalTest.Games\SocialGames.TechnicalTest.Games.csproj", "{D85D46B0-A336-466F-9D4C-12C0DC87BFF6}"
EndProject
Global
	GlobalSection(SolutionConfigurationPlatforms) = preSolution
		Debug|Any CPU = Debug|Any CPU
		Release|Any CPU = Release|Any CPU
	EndGlobalSection
	GlobalSection(ProjectConfigurationPlatforms) = postSolution
		{7397DE9D-BBB4-4152-B228-8CB6B899A377}.Debug|Any CPU.ActiveCfg = Debug|Any CPU
		{7397DE9D-BBB4-4152-B228-8CB6B899A377}.Debug|Any CPU.Build.0 = Debug|Any CPU
		{7397DE9D-BBB4-4152-B228-8CB6B899A377}.Release|Any CPU.ActiveCfg = Release|Any CPU
		{7397DE9D-BBB4-4152-B228-8CB6B899A377}.Release|Any CPU.Build.0 = Release|Any CPU
		{E55266A8-CC5A-41CC-9675-D80EA45C07B7}.Debug|Any CPU.ActiveCfg = Debug|Any CPU
		{E55266A8-CC5A-41CC-9675-D80EA45C07B7}.Debug|Any CPU.Build.0 = Debug|Any CPU
		{E55266A8-CC5A-41CC-9675-D80EA45C07B7}.Release|Any CPU.ActiveCfg = Release|Any CPU
		{E55266A8-CC5A-41CC-9675-D80EA45C07B7}.Release|Any CPU.Build.0 = Release|Any CPU
		{D85D46B0-A336-466F-9D4C-12C0DC87BFF6}.Debug|Any CPU.ActiveCfg = Debug|Any CPU
		{D85D46B0-A336-466F-9D4C-12C0DC87BFF6}.Debug|Any CPU.Build.0 = Debug|Any CPU
		{D85D46B0-A336-466F-9D4C-12C0DC87BFF6}.Release|Any CPU.ActiveCfg = Release|Any CPU
		{D85D46B0-A336-466F-9D4C-12C0DC87BFF6}.Release|Any CPU.Build.0 = Release|Any CPU
	EndGlobalSection
	GlobalSection(SolutionProperties) = preSolution
		HideSolutionNode = FALSE
	EndGlobalSection
	GlobalSection(NestedProjects) = preSolution
		{7397DE9D-BBB4-4152-B228-8CB6B899A377} = {6E270233-F88E-4CF6-9654-F1978191D4AB}
		{E55266A8-CC5A-41CC-9675-D80EA45C07B7} = {6E270233-F88E-4CF6-9654-F1978191D4AB}
		{D85D46B0-A336-466F-9D4C-12C0DC87BFF6} = {F0CC2155-6AA7-429D-B793-FB2A086D7162}
	EndGlobalSection
	GlobalSection(ExtensibilityGlobals) = postSolution
		SolutionGuid = {04E35FAA-5549-49BD-8EF2-821D06A271F2}
	EndGlobalSection
EndGlobal
